
Microsoft Visual Studio Solution File, Format Version 12.00
# Visual Studio Version 17
VisualStudioVersion = 17.0.32112.339
MinimumVisualStudioVersion = 10.0.40219.1
Project("{FAE04EC0-301F-11D3-BF4B-00C04F79EFBC}") = "Queues", "Queues\Queues.csproj", "{D6D8F6E0-75EA-457C-A901-9A91ACF606F5}"
EndProject
Global
	GlobalSection(SolutionConfigurationPlatforms) = preSolution
		Debug|Any CPU = Debug|Any CPU
		Release|Any CPU = Release|Any CPU
	EndGlobalSection
	GlobalSection(ProjectConfigurationPlatforms) = postSolution
		{D6D8F6E0-75EA-457C-A901-9A91ACF606F5}.Debug|Any CPU.ActiveCfg = Debug|Any CPU
		{D6D8F6E0-75EA-457C-A901-9A91ACF606F5}.Debug|Any CPU.Build.0 = Debug|Any CPU
		{D6D8F6E0-75EA-457C-A901-9A91ACF606F5}.Release|Any CPU.ActiveCfg = Release|Any CPU
		{D6D8F6E0-75EA-457C-A901-9A91ACF606F5}.Release|Any CPU.Build.0 = Release|Any CPU
	EndGlobalSection
	GlobalSection(SolutionProperties) = preSolution
		HideSolutionNode = FALSE
	EndGlobalSection
	GlobalSection(ExtensibilityGlobals) = postSolution
		SolutionGuid = {67844266-95BF-48AB-BD8E-453D50606EC0}
	EndGlobalSection
EndGlobal
