
Microsoft Visual Studio Solution File, Format Version 12.00
# Visual Studio Version 17
VisualStudioVersion = 17.0.32112.339
MinimumVisualStudioVersion = 10.0.40219.1
Project("{FAE04EC0-301F-11D3-BF4B-00C04F79EFBC}") = "TowersOfHanoi", "TowersOfHanoi\TowersOfHanoi.csproj", "{688FCFD0-1931-42D1-AEC5-6600003E98EA}"
EndProject
Global
	GlobalSection(SolutionConfigurationPlatforms) = preSolution
		Debug|Any CPU = Debug|Any CPU
		Release|Any CPU = Release|Any CPU
	EndGlobalSection
	GlobalSection(ProjectConfigurationPlatforms) = postSolution
		{688FCFD0-1931-42D1-AEC5-6600003E98EA}.Debug|Any CPU.ActiveCfg = Debug|Any CPU
		{688FCFD0-1931-42D1-AEC5-6600003E98EA}.Debug|Any CPU.Build.0 = Debug|Any CPU
		{688FCFD0-1931-42D1-AEC5-6600003E98EA}.Release|Any CPU.ActiveCfg = Release|Any CPU
		{688FCFD0-1931-42D1-AEC5-6600003E98EA}.Release|Any CPU.Build.0 = Release|Any CPU
	EndGlobalSection
	GlobalSection(SolutionProperties) = preSolution
		HideSolutionNode = FALSE
	EndGlobalSection
	GlobalSection(ExtensibilityGlobals) = postSolution
		SolutionGuid = {4A9D6460-4A8A-4684-99D6-A0A75621EA32}
	EndGlobalSection
EndGlobal
