
Microsoft Visual Studio Solution File, Format Version 12.00
# Visual Studio Version 17
VisualStudioVersion = 17.0.32014.148
MinimumVisualStudioVersion = 10.0.40219.1
Project("{FAE04EC0-301F-11D3-BF4B-00C04F79EFBC}") = "Exercise13", "Exercise13\Exercise13.csproj", "{A30FC4D1-242D-49ED-8DA7-F4E8D9643F73}"
EndProject
Global
	GlobalSection(SolutionConfigurationPlatforms) = preSolution
		Debug|Any CPU = Debug|Any CPU
		Release|Any CPU = Release|Any CPU
	EndGlobalSection
	GlobalSection(ProjectConfigurationPlatforms) = postSolution
		{A30FC4D1-242D-49ED-8DA7-F4E8D9643F73}.Debug|Any CPU.ActiveCfg = Debug|Any CPU
		{A30FC4D1-242D-49ED-8DA7-F4E8D9643F73}.Debug|Any CPU.Build.0 = Debug|Any CPU
		{A30FC4D1-242D-49ED-8DA7-F4E8D9643F73}.Release|Any CPU.ActiveCfg = Release|Any CPU
		{A30FC4D1-242D-49ED-8DA7-F4E8D9643F73}.Release|Any CPU.Build.0 = Release|Any CPU
	EndGlobalSection
	GlobalSection(SolutionProperties) = preSolution
		HideSolutionNode = FALSE
	EndGlobalSection
	GlobalSection(ExtensibilityGlobals) = postSolution
		SolutionGuid = {0DE30C38-5738-42C9-9940-C3524902E0B4}
	EndGlobalSection
EndGlobal
