
Microsoft Visual Studio Solution File, Format Version 12.00
# Visual Studio Version 17
VisualStudioVersion = 17.0.32112.339
MinimumVisualStudioVersion = 10.0.40219.1
Project("{FAE04EC0-301F-11D3-BF4B-00C04F79EFBC}") = "Exercise2", "Exercise2\Exercise2.csproj", "{49A621AA-70C2-4044-A0C5-4AD462C77F30}"
EndProject
Global
	GlobalSection(SolutionConfigurationPlatforms) = preSolution
		Debug|Any CPU = Debug|Any CPU
		Release|Any CPU = Release|Any CPU
	EndGlobalSection
	GlobalSection(ProjectConfigurationPlatforms) = postSolution
		{49A621AA-70C2-4044-A0C5-4AD462C77F30}.Debug|Any CPU.ActiveCfg = Debug|Any CPU
		{49A621AA-70C2-4044-A0C5-4AD462C77F30}.Debug|Any CPU.Build.0 = Debug|Any CPU
		{49A621AA-70C2-4044-A0C5-4AD462C77F30}.Release|Any CPU.ActiveCfg = Release|Any CPU
		{49A621AA-70C2-4044-A0C5-4AD462C77F30}.Release|Any CPU.Build.0 = Release|Any CPU
	EndGlobalSection
	GlobalSection(SolutionProperties) = preSolution
		HideSolutionNode = FALSE
	EndGlobalSection
	GlobalSection(ExtensibilityGlobals) = postSolution
		SolutionGuid = {4B22967E-0D20-439B-9868-D2F902500846}
	EndGlobalSection
EndGlobal
