
Microsoft Visual Studio Solution File, Format Version 12.00
# Visual Studio Version 17
VisualStudioVersion = 17.0.32014.148
MinimumVisualStudioVersion = 10.0.40219.1
Project("{FAE04EC0-301F-11D3-BF4B-00C04F79EFBC}") = "Exercise14", "Exercise14\Exercise14.csproj", "{56E2C700-F8A5-4761-9DB0-1C7542B83A53}"
EndProject
Global
	GlobalSection(SolutionConfigurationPlatforms) = preSolution
		Debug|Any CPU = Debug|Any CPU
		Release|Any CPU = Release|Any CPU
	EndGlobalSection
	GlobalSection(ProjectConfigurationPlatforms) = postSolution
		{56E2C700-F8A5-4761-9DB0-1C7542B83A53}.Debug|Any CPU.ActiveCfg = Debug|Any CPU
		{56E2C700-F8A5-4761-9DB0-1C7542B83A53}.Debug|Any CPU.Build.0 = Debug|Any CPU
		{56E2C700-F8A5-4761-9DB0-1C7542B83A53}.Release|Any CPU.ActiveCfg = Release|Any CPU
		{56E2C700-F8A5-4761-9DB0-1C7542B83A53}.Release|Any CPU.Build.0 = Release|Any CPU
	EndGlobalSection
	GlobalSection(SolutionProperties) = preSolution
		HideSolutionNode = FALSE
	EndGlobalSection
	GlobalSection(ExtensibilityGlobals) = postSolution
		SolutionGuid = {6CE6EABE-77B0-481B-8C99-0B0B1999C5D3}
	EndGlobalSection
EndGlobal
