
Microsoft Visual Studio Solution File, Format Version 12.00
# Visual Studio Version 17
VisualStudioVersion = 17.0.32112.339
MinimumVisualStudioVersion = 10.0.40219.1
Project("{FAE04EC0-301F-11D3-BF4B-00C04F79EFBC}") = "Exercise8", "Exercise8\Exercise8.csproj", "{690BF43F-3FF1-4B8E-B3B6-C1F21945777B}"
EndProject
Global
	GlobalSection(SolutionConfigurationPlatforms) = preSolution
		Debug|Any CPU = Debug|Any CPU
		Release|Any CPU = Release|Any CPU
	EndGlobalSection
	GlobalSection(ProjectConfigurationPlatforms) = postSolution
		{690BF43F-3FF1-4B8E-B3B6-C1F21945777B}.Debug|Any CPU.ActiveCfg = Debug|Any CPU
		{690BF43F-3FF1-4B8E-B3B6-C1F21945777B}.Debug|Any CPU.Build.0 = Debug|Any CPU
		{690BF43F-3FF1-4B8E-B3B6-C1F21945777B}.Release|Any CPU.ActiveCfg = Release|Any CPU
		{690BF43F-3FF1-4B8E-B3B6-C1F21945777B}.Release|Any CPU.Build.0 = Release|Any CPU
	EndGlobalSection
	GlobalSection(SolutionProperties) = preSolution
		HideSolutionNode = FALSE
	EndGlobalSection
	GlobalSection(ExtensibilityGlobals) = postSolution
		SolutionGuid = {A9F45854-F278-4A86-845D-2986C642671D}
	EndGlobalSection
EndGlobal
