
Microsoft Visual Studio Solution File, Format Version 12.00
# Visual Studio Version 16
VisualStudioVersion = 16.0.31613.86
MinimumVisualStudioVersion = 10.0.40219.1
Project("{FAE04EC0-301F-11D3-BF4B-00C04F79EFBC}") = "Exercise12", "Exercise12\Exercise12.csproj", "{7E135B10-916C-4220-90D9-942739C22CBA}"
EndProject
Global
	GlobalSection(SolutionConfigurationPlatforms) = preSolution
		Debug|Any CPU = Debug|Any CPU
		Release|Any CPU = Release|Any CPU
	EndGlobalSection
	GlobalSection(ProjectConfigurationPlatforms) = postSolution
		{7E135B10-916C-4220-90D9-942739C22CBA}.Debug|Any CPU.ActiveCfg = Debug|Any CPU
		{7E135B10-916C-4220-90D9-942739C22CBA}.Debug|Any CPU.Build.0 = Debug|Any CPU
		{7E135B10-916C-4220-90D9-942739C22CBA}.Release|Any CPU.ActiveCfg = Release|Any CPU
		{7E135B10-916C-4220-90D9-942739C22CBA}.Release|Any CPU.Build.0 = Release|Any CPU
	EndGlobalSection
	GlobalSection(SolutionProperties) = preSolution
		HideSolutionNode = FALSE
	EndGlobalSection
	GlobalSection(ExtensibilityGlobals) = postSolution
		SolutionGuid = {030E3E97-DC83-4E0B-B6D0-947455B674DF}
	EndGlobalSection
EndGlobal
